
Microsoft Visual Studio Solution File, Format Version 12.00
# Visual Studio 15
VisualStudioVersion = 15.0.26730.12
MinimumVisualStudioVersion = 10.0.40219.1
Project("{FAE04EC0-301F-11D3-BF4B-00C04F79EFBC}") = "ArrayLibrary", "ArrayLibrary\ArrayLibrary.csproj", "{8F29C4B0-784E-41A8-883B-47605D75A8F1}"
EndProject
Project("{FAE04EC0-301F-11D3-BF4B-00C04F79EFBC}") = "TestArrayLibrary", "TestArrayLibrary\TestArrayLibrary.csproj", "{958D4B52-46EE-4C76-877E-F18F56456BCC}"
EndProject
Global
	GlobalSection(SolutionConfigurationPlatforms) = preSolution
		Debug|Any CPU = Debug|Any CPU
		Release|Any CPU = Release|Any CPU
	EndGlobalSection
	GlobalSection(ProjectConfigurationPlatforms) = postSolution
		{8F29C4B0-784E-41A8-883B-47605D75A8F1}.Debug|Any CPU.ActiveCfg = Debug|Any CPU
		{8F29C4B0-784E-41A8-883B-47605D75A8F1}.Debug|Any CPU.Build.0 = Debug|Any CPU
		{8F29C4B0-784E-41A8-883B-47605D75A8F1}.Release|Any CPU.ActiveCfg = Release|Any CPU
		{8F29C4B0-784E-41A8-883B-47605D75A8F1}.Release|Any CPU.Build.0 = Release|Any CPU
		{958D4B52-46EE-4C76-877E-F18F56456BCC}.Debug|Any CPU.ActiveCfg = Debug|Any CPU
		{958D4B52-46EE-4C76-877E-F18F56456BCC}.Debug|Any CPU.Build.0 = Debug|Any CPU
		{958D4B52-46EE-4C76-877E-F18F56456BCC}.Release|Any CPU.ActiveCfg = Release|Any CPU
		{958D4B52-46EE-4C76-877E-F18F56456BCC}.Release|Any CPU.Build.0 = Release|Any CPU
	EndGlobalSection
	GlobalSection(SolutionProperties) = preSolution
		HideSolutionNode = FALSE
	EndGlobalSection
	GlobalSection(ExtensibilityGlobals) = postSolution
		SolutionGuid = {B1B3BEA8-2F8F-4BCC-AE97-1BE333ADA090}
	EndGlobalSection
EndGlobal
